
Microsoft Visual Studio Solution File, Format Version 12.00
# Visual Studio 15
VisualStudioVersion = 15.0.27703.2018
MinimumVisualStudioVersion = 10.0.40219.1
Project("{FAE04EC0-301F-11D3-BF4B-00C04F79EFBC}") = "WeatherForecast", "WeatherForecast\WeatherForecast.csproj", "{3D5DD614-C2A2-4F6C-9D67-C21AEAE29E39}"
EndProject
Project("{9A19103F-16F7-4668-BE54-9A1E7A4F7556}") = "WeatherForecast.Services", "WeatherForecast.Services\WeatherForecast.Services.csproj", "{CE163C95-B44F-4185-A63C-8E50D36C1C0A}"
EndProject
Project("{FAE04EC0-301F-11D3-BF4B-00C04F79EFBC}") = "WeatherForecast.UnitTests", "WeatherForecast.UnitTests\WeatherForecast.UnitTests.csproj", "{4FC54C39-288C-4FE0-A0B1-075B9D3FCAB8}"
EndProject
Project("{FAE04EC0-301F-11D3-BF4B-00C04F79EFBC}") = "WeatherForecast.IntegrationTests", "WeatherForecast.IntegrationTests\WeatherForecast.IntegrationTests.csproj", "{8222F675-6A6D-47D5-8293-0C589C9A67EB}"
EndProject
Global
	GlobalSection(SolutionConfigurationPlatforms) = preSolution
		Debug|Any CPU = Debug|Any CPU
		Release|Any CPU = Release|Any CPU
	EndGlobalSection
	GlobalSection(ProjectConfigurationPlatforms) = postSolution
		{3D5DD614-C2A2-4F6C-9D67-C21AEAE29E39}.Debug|Any CPU.ActiveCfg = Debug|Any CPU
		{3D5DD614-C2A2-4F6C-9D67-C21AEAE29E39}.Debug|Any CPU.Build.0 = Debug|Any CPU
		{3D5DD614-C2A2-4F6C-9D67-C21AEAE29E39}.Release|Any CPU.ActiveCfg = Release|Any CPU
		{3D5DD614-C2A2-4F6C-9D67-C21AEAE29E39}.Release|Any CPU.Build.0 = Release|Any CPU
		{CE163C95-B44F-4185-A63C-8E50D36C1C0A}.Debug|Any CPU.ActiveCfg = Debug|Any CPU
		{CE163C95-B44F-4185-A63C-8E50D36C1C0A}.Debug|Any CPU.Build.0 = Debug|Any CPU
		{CE163C95-B44F-4185-A63C-8E50D36C1C0A}.Release|Any CPU.ActiveCfg = Release|Any CPU
		{CE163C95-B44F-4185-A63C-8E50D36C1C0A}.Release|Any CPU.Build.0 = Release|Any CPU
		{4FC54C39-288C-4FE0-A0B1-075B9D3FCAB8}.Debug|Any CPU.ActiveCfg = Debug|Any CPU
		{4FC54C39-288C-4FE0-A0B1-075B9D3FCAB8}.Debug|Any CPU.Build.0 = Debug|Any CPU
		{4FC54C39-288C-4FE0-A0B1-075B9D3FCAB8}.Release|Any CPU.ActiveCfg = Release|Any CPU
		{4FC54C39-288C-4FE0-A0B1-075B9D3FCAB8}.Release|Any CPU.Build.0 = Release|Any CPU
		{8222F675-6A6D-47D5-8293-0C589C9A67EB}.Debug|Any CPU.ActiveCfg = Debug|Any CPU
		{8222F675-6A6D-47D5-8293-0C589C9A67EB}.Debug|Any CPU.Build.0 = Debug|Any CPU
		{8222F675-6A6D-47D5-8293-0C589C9A67EB}.Release|Any CPU.ActiveCfg = Release|Any CPU
		{8222F675-6A6D-47D5-8293-0C589C9A67EB}.Release|Any CPU.Build.0 = Release|Any CPU
	EndGlobalSection
	GlobalSection(SolutionProperties) = preSolution
		HideSolutionNode = FALSE
	EndGlobalSection
	GlobalSection(ExtensibilityGlobals) = postSolution
		SolutionGuid = {279EC209-1F57-4FC5-A990-0DE322524A7D}
	EndGlobalSection
EndGlobal
